
Microsoft Visual Studio Solution File, Format Version 12.00
# Visual Studio 15
VisualStudioVersion = 15.0.27130.2027
MinimumVisualStudioVersion = 10.0.40219.1
Project("{FAE04EC0-301F-11D3-BF4B-00C04F79EFBC}") = "ConectaSampa", "ConectaSampa\ConectaSampa.csproj", "{4811CBC4-7A7F-41F0-8C76-D731A0F017ED}"
EndProject
Global
	GlobalSection(SolutionConfigurationPlatforms) = preSolution
		Debug|Any CPU = Debug|Any CPU
		Release|Any CPU = Release|Any CPU
	EndGlobalSection
	GlobalSection(ProjectConfigurationPlatforms) = postSolution
		{4811CBC4-7A7F-41F0-8C76-D731A0F017ED}.Debug|Any CPU.ActiveCfg = Debug|Any CPU
		{4811CBC4-7A7F-41F0-8C76-D731A0F017ED}.Debug|Any CPU.Build.0 = Debug|Any CPU
		{4811CBC4-7A7F-41F0-8C76-D731A0F017ED}.Release|Any CPU.ActiveCfg = Release|Any CPU
		{4811CBC4-7A7F-41F0-8C76-D731A0F017ED}.Release|Any CPU.Build.0 = Release|Any CPU
	EndGlobalSection
	GlobalSection(SolutionProperties) = preSolution
		HideSolutionNode = FALSE
	EndGlobalSection
	GlobalSection(ExtensibilityGlobals) = postSolution
		SolutionGuid = {475B5994-64E1-4CC8-8B4F-F078A61B5499}
	EndGlobalSection
EndGlobal
